
Microsoft Visual Studio Solution File, Format Version 12.00
# Visual Studio Version 17
VisualStudioVersion = 17.6.33815.320
MinimumVisualStudioVersion = 10.0.40219.1
Project("{FAE04EC0-301F-11D3-BF4B-00C04F79EFBC}") = "MainApp", "MainApp\MainApp.csproj", "{D354FBDF-E56B-40F3-99A5-160E2DC6FFC5}"
EndProject
Global
	GlobalSection(SolutionConfigurationPlatforms) = preSolution
		Debug|Any CPU = Debug|Any CPU
		Release|Any CPU = Release|Any CPU
	EndGlobalSection
	GlobalSection(ProjectConfigurationPlatforms) = postSolution
		{D354FBDF-E56B-40F3-99A5-160E2DC6FFC5}.Debug|Any CPU.ActiveCfg = Debug|Any CPU
		{D354FBDF-E56B-40F3-99A5-160E2DC6FFC5}.Debug|Any CPU.Build.0 = Debug|Any CPU
		{D354FBDF-E56B-40F3-99A5-160E2DC6FFC5}.Release|Any CPU.ActiveCfg = Release|Any CPU
		{D354FBDF-E56B-40F3-99A5-160E2DC6FFC5}.Release|Any CPU.Build.0 = Release|Any CPU
	EndGlobalSection
	GlobalSection(SolutionProperties) = preSolution
		HideSolutionNode = FALSE
	EndGlobalSection
	GlobalSection(ExtensibilityGlobals) = postSolution
		SolutionGuid = {7ACF918C-AF01-46AD-B2F9-285203C3DDB7}
	EndGlobalSection
EndGlobal
